# This file is automatically @generated by Cargo.
# It is not intended for manual editing.
version = 3

[[package]]
name = "minilexer"
version = "0.1.0"

[[package]]
name = "mparse"
version = "0.1.0"
dependencies = [
 "minilexer",
]

[[package]]
name = "valgol1m"
version = "0.1.0"
dependencies = [
 "mparse",
]
